{
  "name": "ocara",
  "version": "1.0.0",
  "lockfileVersion": 2,
  "requires": true,
  "packages": {
    "": {
      "name": "ocara",
      "version": "1.0.0",
      "hasInstallScript": true,
      "license": "ISC",
      "engines": {
        "node": "16.x",
        "npm": "8.x"
      }
    }
  }
}
